PODS:
  - Alamofire (5.10.2)
  - YandexLoginSDK (3.0.2)

DEPENDENCIES:
  - Alamofire
  - YandexLoginSDK

SPEC REPOS:
  trunk:
    - Alamofire
    - YandexLoginSDK

SPEC CHECKSUMS:
  Alamofire: 7193b3b92c74a07f85569e1a6c4f4237291e7496
  YandexLoginSDK: ea15fc6d5afc2869a320180b0e33ce55937a9783

PODFILE CHECKSUM: 2dc8226ef7dc9b4180d2d63273a090cd4c4de962

COCOAPODS: 1.16.2
